
Microsoft Visual Studio Solution File, Format Version 11.00
# Visual Studio 2010
Project("{8BC9CEB8-8B4A-11D0-8D11-00A0C91BC942}") = "reversi", "reversi\reversi.vcxproj", "{5EEF7CD1-2390-42D2-A3AB-0ED8081B07A4}"
EndProject
Project("{8BC9CEB8-8B4A-11D0-8D11-00A0C91BC942}") = "ReversyServer", "reversiServer\ReversyServer.vcxproj", "{99ADBFB3-D594-40CE-8243-853A5835A30A}"
EndProject
Global
	GlobalSection(SolutionConfigurationPlatforms) = preSolution
		Debug|Win32 = Debug|Win32
		Release|Win32 = Release|Win32
	EndGlobalSection
	GlobalSection(ProjectConfigurationPlatforms) = postSolution
		{5EEF7CD1-2390-42D2-A3AB-0ED8081B07A4}.Debug|Win32.ActiveCfg = Debug|Win32
		{5EEF7CD1-2390-42D2-A3AB-0ED8081B07A4}.Debug|Win32.Build.0 = Debug|Win32
		{5EEF7CD1-2390-42D2-A3AB-0ED8081B07A4}.Release|Win32.ActiveCfg = Release|Win32
		{5EEF7CD1-2390-42D2-A3AB-0ED8081B07A4}.Release|Win32.Build.0 = Release|Win32
		{99ADBFB3-D594-40CE-8243-853A5835A30A}.Debug|Win32.ActiveCfg = Debug|Win32
		{99ADBFB3-D594-40CE-8243-853A5835A30A}.Debug|Win32.Build.0 = Debug|Win32
		{99ADBFB3-D594-40CE-8243-853A5835A30A}.Release|Win32.ActiveCfg = Release|Win32
		{99ADBFB3-D594-40CE-8243-853A5835A30A}.Release|Win32.Build.0 = Release|Win32
	EndGlobalSection
	GlobalSection(SolutionProperties) = preSolution
		HideSolutionNode = FALSE
	EndGlobalSection
EndGlobal
